// !$*UTF8*$!
{
	archiveVersion = 1;
	classes = {
	};
	objectVersion = 56;
	objects = {

/* Begin PBXBuildFile section */
		3BBE9569A7FCBBF4F502A8ED /* Pods_InstaKluwer.framework in Frameworks */ = {isa = PBXBuildFile; fileRef = 7A1DDBF30DEB8297AFA733D0 /* Pods_InstaKluwer.framework */; };
		6551AA7C291434A900C2BD4A /* AppDelegate.swift in Sources */ = {isa = PBXBuildFile; fileRef = 6551AA7B291434A900C2BD4A /* AppDelegate.swift */; };
		6551AA7E291434A900C2BD4A /* SceneDelegate.swift in Sources */ = {isa = PBXBuildFile; fileRef = 6551AA7D291434A900C2BD4A /* SceneDelegate.swift */; };
		6551AA80291434A900C2BD4A /* ViewController.swift in Sources */ = {isa = PBXBuildFile; fileRef = 6551AA7F291434A900C2BD4A /* ViewController.swift */; };
		6551AA83291434A900C2BD4A /* Main.storyboard in Resources */ = {isa = PBXBuildFile; fileRef = 6551AA81291434A900C2BD4A /* Main.storyboard */; };
		6551AA85291434AB00C2BD4A /* Assets.xcassets in Resources */ = {isa = PBXBuildFile; fileRef = 6551AA84291434AB00C2BD4A /* Assets.xcassets */; };
		6551AA88291434AB00C2BD4A /* LaunchScreen.storyboard in Resources */ = {isa = PBXBuildFile; fileRef = 6551AA86291434AB00C2BD4A /* LaunchScreen.storyboard */; };
		6551AA9A29190C2000C2BD4A /* Photo.swift in Sources */ = {isa = PBXBuildFile; fileRef = 6551AA9929190C2000C2BD4A /* Photo.swift */; };
		6551AA9C29190D1B00C2BD4A /* RESTManager.swift in Sources */ = {isa = PBXBuildFile; fileRef = 6551AA9B29190D1B00C2BD4A /* RESTManager.swift */; };
		6551AAA229195C5E00C2BD4A /* Constants.swift in Sources */ = {isa = PBXBuildFile; fileRef = 6551AAA129195C5E00C2BD4A /* Constants.swift */; };
		65A49671291A54FC00900211 /* PhotoCell.swift in Sources */ = {isa = PBXBuildFile; fileRef = 65A49670291A54FC00900211 /* PhotoCell.swift */; };
		65A49673291A557900900211 /* AlbumCell.swift in Sources */ = {isa = PBXBuildFile; fileRef = 65A49672291A557900900211 /* AlbumCell.swift */; };
		65A49675291A85DC00900211 /* Utils.swift in Sources */ = {isa = PBXBuildFile; fileRef = 65A49674291A85DC00900211 /* Utils.swift */; };
		65A4967A291B2A9700900211 /* SnapPhotoCenter.swift in Sources */ = {isa = PBXBuildFile; fileRef = 65A49679291B2A9700900211 /* SnapPhotoCenter.swift */; };
/* End PBXBuildFile section */

/* Begin PBXFileReference section */
		0633D02EBAB2320CCE6C39DE /* Pods-InstaKluwer.debug.xcconfig */ = {isa = PBXFileReference; includeInIndex = 1; lastKnownFileType = text.xcconfig; name = "Pods-InstaKluwer.debug.xcconfig"; path = "Target Support Files/Pods-InstaKluwer/Pods-InstaKluwer.debug.xcconfig"; sourceTree = "<group>"; };
		6551AA78291434A900C2BD4A /* InstaKluwer.app */ = {isa = PBXFileReference; explicitFileType = wrapper.application; includeInIndex = 0; path = InstaKluwer.app; sourceTree = BUILT_PRODUCTS_DIR; };
		6551AA7B291434A900C2BD4A /* AppDelegate.swift */ = {isa = PBXFileReference; lastKnownFileType = sourcecode.swift; path = AppDelegate.swift; sourceTree = "<group>"; };
		6551AA7D291434A900C2BD4A /* SceneDelegate.swift */ = {isa = PBXFileReference; lastKnownFileType = sourcecode.swift; path = SceneDelegate.swift; sourceTree = "<group>"; };
		6551AA7F291434A900C2BD4A /* ViewController.swift */ = {isa = PBXFileReference; lastKnownFileType = sourcecode.swift; path = ViewController.swift; sourceTree = "<group>"; };
		6551AA82291434A900C2BD4A /* Base */ = {isa = PBXFileReference; lastKnownFileType = file.storyboard; name = Base; path = Base.lproj/Main.storyboard; sourceTree = "<group>"; };
		6551AA84291434AB00C2BD4A /* Assets.xcassets */ = {isa = PBXFileReference; lastKnownFileType = folder.assetcatalog; path = Assets.xcassets; sourceTree = "<group>"; };
		6551AA87291434AB00C2BD4A /* Base */ = {isa = PBXFileReference; lastKnownFileType = file.storyboard; name = Base; path = Base.lproj/LaunchScreen.storyboard; sourceTree = "<group>"; };
		6551AA89291434AB00C2BD4A /* Info.plist */ = {isa = PBXFileReference; lastKnownFileType = text.plist.xml; path = Info.plist; sourceTree = "<group>"; };
		6551AA9929190C2000C2BD4A /* Photo.swift */ = {isa = PBXFileReference; lastKnownFileType = sourcecode.swift; path = Photo.swift; sourceTree = "<group>"; };
		6551AA9B29190D1B00C2BD4A /* RESTManager.swift */ = {isa = PBXFileReference; lastKnownFileType = sourcecode.swift; path = RESTManager.swift; sourceTree = "<group>"; };
		6551AAA129195C5E00C2BD4A /* Constants.swift */ = {isa = PBXFileReference; lastKnownFileType = sourcecode.swift; path = Constants.swift; sourceTree = "<group>"; };
		65A49670291A54FC00900211 /* PhotoCell.swift */ = {isa = PBXFileReference; lastKnownFileType = sourcecode.swift; path = PhotoCell.swift; sourceTree = "<group>"; };
		65A49672291A557900900211 /* AlbumCell.swift */ = {isa = PBXFileReference; lastKnownFileType = sourcecode.swift; path = AlbumCell.swift; sourceTree = "<group>"; };
		65A49674291A85DC00900211 /* Utils.swift */ = {isa = PBXFileReference; lastKnownFileType = sourcecode.swift; path = Utils.swift; sourceTree = "<group>"; };
		65A49679291B2A9700900211 /* SnapPhotoCenter.swift */ = {isa = PBXFileReference; lastKnownFileType = sourcecode.swift; path = SnapPhotoCenter.swift; sourceTree = "<group>"; };
		7A1DDBF30DEB8297AFA733D0 /* Pods_InstaKluwer.framework */ = {isa = PBXFileReference; explicitFileType = wrapper.framework; includeInIndex = 0; path = Pods_InstaKluwer.framework; sourceTree = BUILT_PRODUCTS_DIR; };
		D36874E798548A06E1F8B744 /* Pods-InstaKluwer.release.xcconfig */ = {isa = PBXFileReference; includeInIndex = 1; lastKnownFileType = text.xcconfig; name = "Pods-InstaKluwer.release.xcconfig"; path = "Target Support Files/Pods-InstaKluwer/Pods-InstaKluwer.release.xcconfig"; sourceTree = "<group>"; };
/* End PBXFileReference section */

/* Begin PBXFrameworksBuildPhase section */
		6551AA75291434A900C2BD4A /* Frameworks */ = {
			isa = PBXFrameworksBuildPhase;
			buildActionMask = 2147483647;
			files = (
				3BBE9569A7FCBBF4F502A8ED /* Pods_InstaKluwer.framework in Frameworks */,
			);
			runOnlyForDeploymentPostprocessing = 0;
		};
/* End PBXFrameworksBuildPhase section */

/* Begin PBXGroup section */
		64FB8C542515C5529A9466D8 /* Pods */ = {
			isa = PBXGroup;
			children = (
				0633D02EBAB2320CCE6C39DE /* Pods-InstaKluwer.debug.xcconfig */,
				D36874E798548A06E1F8B744 /* Pods-InstaKluwer.release.xcconfig */,
			);
			path = Pods;
			sourceTree = "<group>";
		};
		6551AA6F291434A900C2BD4A = {
			isa = PBXGroup;
			children = (
				6551AA7A291434A900C2BD4A /* InstaKluwer */,
				6551AA79291434A900C2BD4A /* Products */,
				64FB8C542515C5529A9466D8 /* Pods */,
				EEA7D98EA7B59E6DA25AB6A6 /* Frameworks */,
			);
			sourceTree = "<group>";
		};
		6551AA79291434A900C2BD4A /* Products */ = {
			isa = PBXGroup;
			children = (
				6551AA78291434A900C2BD4A /* InstaKluwer.app */,
			);
			name = Products;
			sourceTree = "<group>";
		};
		6551AA7A291434A900C2BD4A /* InstaKluwer */ = {
			isa = PBXGroup;
			children = (
				65A49676291A85E900900211 /* Utils */,
				6551AA9629145E3300C2BD4A /* RESTManager */,
				6551AA9429145DF600C2BD4A /* Views */,
				6551AA9329145DEA00C2BD4A /* Models */,
				6551AA9229145DE300C2BD4A /* Constants */,
				6551AA7B291434A900C2BD4A /* AppDelegate.swift */,
				6551AA7D291434A900C2BD4A /* SceneDelegate.swift */,
				6551AA81291434A900C2BD4A /* Main.storyboard */,
				6551AA84291434AB00C2BD4A /* Assets.xcassets */,
				6551AA86291434AB00C2BD4A /* LaunchScreen.storyboard */,
				6551AA89291434AB00C2BD4A /* Info.plist */,
			);
			path = InstaKluwer;
			sourceTree = "<group>";
		};
		6551AA9229145DE300C2BD4A /* Constants */ = {
			isa = PBXGroup;
			children = (
				6551AAA129195C5E00C2BD4A /* Constants.swift */,
			);
			path = Constants;
			sourceTree = "<group>";
		};
		6551AA9329145DEA00C2BD4A /* Models */ = {
			isa = PBXGroup;
			children = (
				6551AA9929190C2000C2BD4A /* Photo.swift */,
			);
			path = Models;
			sourceTree = "<group>";
		};
		6551AA9429145DF600C2BD4A /* Views */ = {
			isa = PBXGroup;
			children = (
				6551AA7F291434A900C2BD4A /* ViewController.swift */,
				65A49672291A557900900211 /* AlbumCell.swift */,
				65A49670291A54FC00900211 /* PhotoCell.swift */,
				65A49679291B2A9700900211 /* SnapPhotoCenter.swift */,
			);
			path = Views;
			sourceTree = "<group>";
		};
		6551AA9629145E3300C2BD4A /* RESTManager */ = {
			isa = PBXGroup;
			children = (
				6551AA9B29190D1B00C2BD4A /* RESTManager.swift */,
			);
			path = RESTManager;
			sourceTree = "<group>";
		};
		65A49676291A85E900900211 /* Utils */ = {
			isa = PBXGroup;
			children = (
				65A49674291A85DC00900211 /* Utils.swift */,
			);
			path = Utils;
			sourceTree = "<group>";
		};
		EEA7D98EA7B59E6DA25AB6A6 /* Frameworks */ = {
			isa = PBXGroup;
			children = (
				7A1DDBF30DEB8297AFA733D0 /* Pods_InstaKluwer.framework */,
			);
			name = Frameworks;
			sourceTree = "<group>";
		};
/* End PBXGroup section */

/* Begin PBXNativeTarget section */
		6551AA77291434A900C2BD4A /* InstaKluwer */ = {
			isa = PBXNativeTarget;
			buildConfigurationList = 6551AA8C291434AB00C2BD4A /* Build configuration list for PBXNativeTarget "InstaKluwer" */;
			buildPhases = (
				0E74905DC3508ABCC2CD71B3 /* [CP] Check Pods Manifest.lock */,
				6551AA74291434A900C2BD4A /* Sources */,
				6551AA75291434A900C2BD4A /* Frameworks */,
				6551AA76291434A900C2BD4A /* Resources */,
				E07EBC0769975AE4B09F1A7E /* [CP] Embed Pods Frameworks */,
			);
			buildRules = (
			);
			dependencies = (
			);
			name = InstaKluwer;
			productName = InstaKluwer;
			productReference = 6551AA78291434A900C2BD4A /* InstaKluwer.app */;
			productType = "com.apple.product-type.application";
		};
/* End PBXNativeTarget section */

/* Begin PBXProject section */
		6551AA70291434A900C2BD4A /* Project object */ = {
			isa = PBXProject;
			attributes = {
				BuildIndependentTargetsInParallel = 1;
				LastSwiftUpdateCheck = 1400;
				LastUpgradeCheck = 1400;
				TargetAttributes = {
					6551AA77291434A900C2BD4A = {
						CreatedOnToolsVersion = 14.0.1;
					};
				};
			};
			buildConfigurationList = 6551AA73291434A900C2BD4A /* Build configuration list for PBXProject "InstaKluwer" */;
			compatibilityVersion = "Xcode 14.0";
			developmentRegion = en;
			hasScannedForEncodings = 0;
			knownRegions = (
				en,
				Base,
			);
			mainGroup = 6551AA6F291434A900C2BD4A;
			productRefGroup = 6551AA79291434A900C2BD4A /* Products */;
			projectDirPath = "";
			projectRoot = "";
			targets = (
				6551AA77291434A900C2BD4A /* InstaKluwer */,
			);
		};
/* End PBXProject section */

/* Begin PBXResourcesBuildPhase section */
		6551AA76291434A900C2BD4A /* Resources */ = {
			isa = PBXResourcesBuildPhase;
			buildActionMask = 2147483647;
			files = (
				6551AA88291434AB00C2BD4A /* LaunchScreen.storyboard in Resources */,
				6551AA85291434AB00C2BD4A /* Assets.xcassets in Resources */,
				6551AA83291434A900C2BD4A /* Main.storyboard in Resources */,
			);
			runOnlyForDeploymentPostprocessing = 0;
		};
/* End PBXResourcesBuildPhase section */

/* Begin PBXShellScriptBuildPhase section */
		0E74905DC3508ABCC2CD71B3 /* [CP] Check Pods Manifest.lock */ = {
			isa = PBXShellScriptBuildPhase;
			buildActionMask = 2147483647;
			files = (
			);
			inputFileListPaths = (
			);
			inputPaths = (
				"${PODS_PODFILE_DIR_PATH}/Podfile.lock",
				"${PODS_ROOT}/Manifest.lock",
			);
			name = "[CP] Check Pods Manifest.lock";
			outputFileListPaths = (
			);
			outputPaths = (
				"$(DERIVED_FILE_DIR)/Pods-InstaKluwer-checkManifestLockResult.txt",
			);
			runOnlyForDeploymentPostprocessing = 0;
			shellPath = /bin/sh;
			shellScript = "diff \"${PODS_PODFILE_DIR_PATH}/Podfile.lock\" \"${PODS_ROOT}/Manifest.lock\" > /dev/null\nif [ $? != 0 ] ; then\n    # print error to STDERR\n    echo \"error: The sandbox is not in sync with the Podfile.lock. Run 'pod install' or update your CocoaPods installation.\" >&2\n    exit 1\nfi\n# This output is used by Xcode 'outputs' to avoid re-running this script phase.\necho \"SUCCESS\" > \"${SCRIPT_OUTPUT_FILE_0}\"\n";
			showEnvVarsInLog = 0;
		};
		E07EBC0769975AE4B09F1A7E /* [CP] Embed Pods Frameworks */ = {
			isa = PBXShellScriptBuildPhase;
			buildActionMask = 2147483647;
			files = (
			);
			inputFileListPaths = (
				"${PODS_ROOT}/Target Support Files/Pods-InstaKluwer/Pods-InstaKluwer-frameworks-${CONFIGURATION}-input-files.xcfilelist",
			);
			name = "[CP] Embed Pods Frameworks";
			outputFileListPaths = (
				"${PODS_ROOT}/Target Support Files/Pods-InstaKluwer/Pods-InstaKluwer-frameworks-${CONFIGURATION}-output-files.xcfilelist",
			);
			runOnlyForDeploymentPostprocessing = 0;
			shellPath = /bin/sh;
			shellScript = "\"${PODS_ROOT}/Target Support Files/Pods-InstaKluwer/Pods-InstaKluwer-frameworks.sh\"\n";
			showEnvVarsInLog = 0;
		};
/* End PBXShellScriptBuildPhase section */

/* Begin PBXSourcesBuildPhase section */
		6551AA74291434A900C2BD4A /* Sources */ = {
			isa = PBXSourcesBuildPhase;
			buildActionMask = 2147483647;
			files = (
				65A49671291A54FC00900211 /* PhotoCell.swift in Sources */,
				6551AA9A29190C2000C2BD4A /* Photo.swift in Sources */,
				65A49675291A85DC00900211 /* Utils.swift in Sources */,
				65A4967A291B2A9700900211 /* SnapPhotoCenter.swift in Sources */,
				6551AA9C29190D1B00C2BD4A /* RESTManager.swift in Sources */,
				65A49673291A557900900211 /* AlbumCell.swift in Sources */,
				6551AA80291434A900C2BD4A /* ViewController.swift in Sources */,
				6551AAA229195C5E00C2BD4A /* Constants.swift in Sources */,
				6551AA7C291434A900C2BD4A /* AppDelegate.swift in Sources */,
				6551AA7E291434A900C2BD4A /* SceneDelegate.swift in Sources */,
			);
			runOnlyForDeploymentPostprocessing = 0;
		};
/* End PBXSourcesBuildPhase section */

/* Begin PBXVariantGroup section */
		6551AA81291434A900C2BD4A /* Main.storyboard */ = {
			isa = PBXVariantGroup;
			children = (
				6551AA82291434A900C2BD4A /* Base */,
			);
			name = Main.storyboard;
			sourceTree = "<group>";
		};
		6551AA86291434AB00C2BD4A /* LaunchScreen.storyboard */ = {
			isa = PBXVariantGroup;
			children = (
				6551AA87291434AB00C2BD4A /* Base */,
			);
			name = LaunchScreen.storyboard;
			sourceTree = "<group>";
		};
/* End PBXVariantGroup section */

/* Begin XCBuildConfiguration section */
		6551AA8A291434AB00C2BD4A /* Debug */ = {
			isa = XCBuildConfiguration;
			buildSettings = {
				ALWAYS_SEARCH_USER_PATHS = NO;
				CLANG_ANALYZER_NONNULL = YES;
				CLANG_ANALYZER_NUMBER_OBJECT_CONVERSION = YES_AGGRESSIVE;
				CLANG_CXX_LANGUAGE_STANDARD = "gnu++20";
				CLANG_ENABLE_MODULES = YES;
				CLANG_ENABLE_OBJC_ARC = YES;
				CLANG_ENABLE_OBJC_WEAK = YES;
				CLANG_WARN_BLOCK_CAPTURE_AUTORELEASING = YES;
				CLANG_WARN_BOOL_CONVERSION = YES;
				CLANG_WARN_COMMA = YES;
				CLANG_WARN_CONSTANT_CONVERSION = YES;
				CLANG_WARN_DEPRECATED_OBJC_IMPLEMENTATIONS = YES;
				CLANG_WARN_DIRECT_OBJC_ISA_USAGE = YES_ERROR;
				CLANG_WARN_DOCUMENTATION_COMMENTS = YES;
				CLANG_WARN_EMPTY_BODY = YES;
				CLANG_WARN_ENUM_CONVERSION = YES;
				CLANG_WARN_INFINITE_RECURSION = YES;
				CLANG_WARN_INT_CONVERSION = YES;
				CLANG_WARN_NON_LITERAL_NULL_CONVERSION = YES;
				CLANG_WARN_OBJC_IMPLICIT_RETAIN_SELF = YES;
				CLANG_WARN_OBJC_LITERAL_CONVERSION = YES;
				CLANG_WARN_OBJC_ROOT_CLASS = YES_ERROR;
				CLANG_WARN_QUOTED_INCLUDE_IN_FRAMEWORK_HEADER = YES;
				CLANG_WARN_RANGE_LOOP_ANALYSIS = YES;
				CLANG_WARN_STRICT_PROTOTYPES = YES;
				CLANG_WARN_SUSPICIOUS_MOVE = YES;
				CLANG_WARN_UNGUARDED_AVAILABILITY = YES_AGGRESSIVE;
				CLANG_WARN_UNREACHABLE_CODE = YES;
				CLANG_WARN__DUPLICATE_METHOD_MATCH = YES;
				COPY_PHASE_STRIP = NO;
				DEBUG_INFORMATION_FORMAT = dwarf;
				ENABLE_STRICT_OBJC_MSGSEND = YES;
				ENABLE_TESTABILITY = YES;
				GCC_C_LANGUAGE_STANDARD = gnu11;
				GCC_DYNAMIC_NO_PIC = NO;
				GCC_NO_COMMON_BLOCKS = YES;
				GCC_OPTIMIZATION_LEVEL = 0;
				GCC_PREPROCESSOR_DEFINITIONS = (
					"DEBUG=1",
					"$(inherited)",
				);
				GCC_WARN_64_TO_32_BIT_CONVERSION = YES;
				GCC_WARN_ABOUT_RETURN_TYPE = YES_ERROR;
				GCC_WARN_UNDECLARED_SELECTOR = YES;
				GCC_WARN_UNINITIALIZED_AUTOS = YES_AGGRESSIVE;
				GCC_WARN_UNUSED_FUNCTION = YES;
				GCC_WARN_UNUSED_VARIABLE = YES;
				IPHONEOS_DEPLOYMENT_TARGET = 16.0;
				MTL_ENABLE_DEBUG_INFO = INCLUDE_SOURCE;
				MTL_FAST_MATH = YES;
				ONLY_ACTIVE_ARCH = YES;
				SDKROOT = iphoneos;
				SWIFT_ACTIVE_COMPILATION_CONDITIONS = DEBUG;
				SWIFT_OPTIMIZATION_LEVEL = "-Onone";
			};
			name = Debug;
		};
		6551AA8B291434AB00C2BD4A /* Release */ = {
			isa = XCBuildConfiguration;
			buildSettings = {
				ALWAYS_SEARCH_USER_PATHS = NO;
				CLANG_ANALYZER_NONNULL = YES;
				CLANG_ANALYZER_NUMBER_OBJECT_CONVERSION = YES_AGGRESSIVE;
				CLANG_CXX_LANGUAGE_STANDARD = "gnu++20";
				CLANG_ENABLE_MODULES = YES;
				CLANG_ENABLE_OBJC_ARC = YES;
				CLANG_ENABLE_OBJC_WEAK = YES;
				CLANG_WARN_BLOCK_CAPTURE_AUTORELEASING = YES;
				CLANG_WARN_BOOL_CONVERSION = YES;
				CLANG_WARN_COMMA = YES;
				CLANG_WARN_CONSTANT_CONVERSION = YES;
				CLANG_WARN_DEPRECATED_OBJC_IMPLEMENTATIONS = YES;
				CLANG_WARN_DIRECT_OBJC_ISA_USAGE = YES_ERROR;
				CLANG_WARN_DOCUMENTATION_COMMENTS = YES;
				CLANG_WARN_EMPTY_BODY = YES;
				CLANG_WARN_ENUM_CONVERSION = YES;
				CLANG_WARN_INFINITE_RECURSION = YES;
				CLANG_WARN_INT_CONVERSION = YES;
				CLANG_WARN_NON_LITERAL_NULL_CONVERSION = YES;
				CLANG_WARN_OBJC_IMPLICIT_RETAIN_SELF = YES;
				CLANG_WARN_OBJC_LITERAL_CONVERSION = YES;
				CLANG_WARN_OBJC_ROOT_CLASS = YES_ERROR;
				CLANG_WARN_QUOTED_INCLUDE_IN_FRAMEWORK_HEADER = YES;
				CLANG_WARN_RANGE_LOOP_ANALYSIS = YES;
				CLANG_WARN_STRICT_PROTOTYPES = YES;
				CLANG_WARN_SUSPICIOUS_MOVE = YES;
				CLANG_WARN_UNGUARDED_AVAILABILITY = YES_AGGRESSIVE;
				CLANG_WARN_UNREACHABLE_CODE = YES;
				CLANG_WARN__DUPLICATE_METHOD_MATCH = YES;
				COPY_PHASE_STRIP = NO;
				DEBUG_INFORMATION_FORMAT = "dwarf-with-dsym";
				ENABLE_NS_ASSERTIONS = NO;
				ENABLE_STRICT_OBJC_MSGSEND = YES;
				GCC_C_LANGUAGE_STANDARD = gnu11;
				GCC_NO_COMMON_BLOCKS = YES;
				GCC_WARN_64_TO_32_BIT_CONVERSION = YES;
				GCC_WARN_ABOUT_RETURN_TYPE = YES_ERROR;
				GCC_WARN_UNDECLARED_SELECTOR = YES;
				GCC_WARN_UNINITIALIZED_AUTOS = YES_AGGRESSIVE;
				GCC_WARN_UNUSED_FUNCTION = YES;
				GCC_WARN_UNUSED_VARIABLE = YES;
				IPHONEOS_DEPLOYMENT_TARGET = 16.0;
				MTL_ENABLE_DEBUG_INFO = NO;
				MTL_FAST_MATH = YES;
				SDKROOT = iphoneos;
				SWIFT_COMPILATION_MODE = wholemodule;
				SWIFT_OPTIMIZATION_LEVEL = "-O";
				VALIDATE_PRODUCT = YES;
			};
			name = Release;
		};
		6551AA8D291434AB00C2BD4A /* Debug */ = {
			isa = XCBuildConfiguration;
			baseConfigurationReference = 0633D02EBAB2320CCE6C39DE /* Pods-InstaKluwer.debug.xcconfig */;
			buildSettings = {
				ASSETCATALOG_COMPILER_APPICON_NAME = AppIcon;
				ASSETCATALOG_COMPILER_GLOBAL_ACCENT_COLOR_NAME = AccentColor;
				CODE_SIGN_STYLE = Automatic;
				CURRENT_PROJECT_VERSION = 1;
				DEVELOPMENT_TEAM = S2LPLU663W;
				GENERATE_INFOPLIST_FILE = YES;
				INFOPLIST_FILE = InstaKluwer/Info.plist;
				INFOPLIST_KEY_UIApplicationSupportsIndirectInputEvents = YES;
				INFOPLIST_KEY_UILaunchStoryboardName = LaunchScreen;
				INFOPLIST_KEY_UIMainStoryboardFile = Main;
				INFOPLIST_KEY_UISupportedInterfaceOrientations_iPad = "UIInterfaceOrientationPortrait UIInterfaceOrientationPortraitUpsideDown UIInterfaceOrientationLandscapeLeft UIInterfaceOrientationLandscapeRight";
				INFOPLIST_KEY_UISupportedInterfaceOrientations_iPhone = "UIInterfaceOrientationPortrait UIInterfaceOrientationLandscapeLeft UIInterfaceOrientationLandscapeRight";
				LD_RUNPATH_SEARCH_PATHS = (
					"$(inherited)",
					"@executable_path/Frameworks",
				);
				MARKETING_VERSION = 1.0;
				PRODUCT_BUNDLE_IDENTIFIER = com.lnx.InstaKluwer;
				PRODUCT_NAME = "$(TARGET_NAME)";
				SWIFT_EMIT_LOC_STRINGS = YES;
				SWIFT_VERSION = 5.0;
				TARGETED_DEVICE_FAMILY = "1,2";
			};
			name = Debug;
		};
		6551AA8E291434AB00C2BD4A /* Release */ = {
			isa = XCBuildConfiguration;
			baseConfigurationReference = D36874E798548A06E1F8B744 /* Pods-InstaKluwer.release.xcconfig */;
			buildSettings = {
				ASSETCATALOG_COMPILER_APPICON_NAME = AppIcon;
				ASSETCATALOG_COMPILER_GLOBAL_ACCENT_COLOR_NAME = AccentColor;
				CODE_SIGN_STYLE = Automatic;
				CURRENT_PROJECT_VERSION = 1;
				DEVELOPMENT_TEAM = S2LPLU663W;
				GENERATE_INFOPLIST_FILE = YES;
				INFOPLIST_FILE = InstaKluwer/Info.plist;
				INFOPLIST_KEY_UIApplicationSupportsIndirectInputEvents = YES;
				INFOPLIST_KEY_UILaunchStoryboardName = LaunchScreen;
				INFOPLIST_KEY_UIMainStoryboardFile = Main;
				INFOPLIST_KEY_UISupportedInterfaceOrientations_iPad = "UIInterfaceOrientationPortrait UIInterfaceOrientationPortraitUpsideDown UIInterfaceOrientationLandscapeLeft UIInterfaceOrientationLandscapeRight";
				INFOPLIST_KEY_UISupportedInterfaceOrientations_iPhone = "UIInterfaceOrientationPortrait UIInterfaceOrientationLandscapeLeft UIInterfaceOrientationLandscapeRight";
				LD_RUNPATH_SEARCH_PATHS = (
					"$(inherited)",
					"@executable_path/Frameworks",
				);
				MARKETING_VERSION = 1.0;
				PRODUCT_BUNDLE_IDENTIFIER = com.lnx.InstaKluwer;
				PRODUCT_NAME = "$(TARGET_NAME)";
				SWIFT_EMIT_LOC_STRINGS = YES;
				SWIFT_VERSION = 5.0;
				TARGETED_DEVICE_FAMILY = "1,2";
			};
			name = Release;
		};
/* End XCBuildConfiguration section */

/* Begin XCConfigurationList section */
		6551AA73291434A900C2BD4A /* Build configuration list for PBXProject "InstaKluwer" */ = {
			isa = XCConfigurationList;
			buildConfigurations = (
				6551AA8A291434AB00C2BD4A /* Debug */,
				6551AA8B291434AB00C2BD4A /* Release */,
			);
			defaultConfigurationIsVisible = 0;
			defaultConfigurationName = Release;
		};
		6551AA8C291434AB00C2BD4A /* Build configuration list for PBXNativeTarget "InstaKluwer" */ = {
			isa = XCConfigurationList;
			buildConfigurations = (
				6551AA8D291434AB00C2BD4A /* Debug */,
				6551AA8E291434AB00C2BD4A /* Release */,
			);
			defaultConfigurationIsVisible = 0;
			defaultConfigurationName = Release;
		};
/* End XCConfigurationList section */
	};
	rootObject = 6551AA70291434A900C2BD4A /* Project object */;
}
